Microsoft Visual Studio Solution File, Format Version 12.00
# Visual Studio Version 17
VisualStudioVersion = 17.14.36429.23
MinimumVisualStudioVersion = 10.0.40219.1
Project("{FAE04EC0-301F-11D3-BF4B-00C04F79EFBC}") = "Tyuiu.KuzakinSI.Sprint2.Task1.V22", "Tyuiu.KuzakinSI.Sprint2.Task1.V22\Tyuiu.KuzakinSI.Sprint2.Task1.V22.csproj", "{D0A192BC-4646-44A6-9A66-7748313F23A8}"
EndProject
Project("{FAE04EC0-301F-11D3-BF4B-00C04F79EFBC}") = "Tyuiu.KuzakinSI.Sprint2.Task1.V22.Lib", "Tyuiu.KuzakinSI.Sprint2.Task1.V22.Lib\Tyuiu.KuzakinSI.Sprint2.Task1.V22.Lib.csproj", "{1E822D01-C3A1-49F4-958A-2D8A6A4CB873}"
EndProject
Project("{FAE04EC0-301F-11D3-BF4B-00C04F79EFBC}") = "Tyuiu.KuzakinSI.Sprint2.Task1.V22.Test", "Tyuiu.KuzakinSI.Sprint2.Task1.V22.Test\Tyuiu.KuzakinSI.Sprint2.Task1.V22.Test.csproj", "{C887F0C7-B5A5-4ECD-A27B-87593766EFEE}"
EndProject
Project("{2150E333-8FDC-42A3-9474-1A3956D46DE8}") = "Task1", "Task1", "{B18E6EDD-FEA3-47DA-8796-0B9D16706A9B}"
EndProject
Global
	GlobalSection(SolutionConfigurationPlatforms) = preSolution
		Debug|Any CPU = Debug|Any CPU
		Release|Any CPU = Release|Any CPU
	EndGlobalSection
	GlobalSection(ProjectConfigurationPlatforms) = postSolution
		{D0A192BC-4646-44A6-9A66-7748313F23A8}.Debug|Any CPU.ActiveCfg = Debug|Any CPU
		{D0A192BC-4646-44A6-9A66-7748313F23A8}.Debug|Any CPU.Build.0 = Debug|Any CPU
		{D0A192BC-4646-44A6-9A66-7748313F23A8}.Release|Any CPU.ActiveCfg = Release|Any CPU
		{D0A192BC-4646-44A6-9A66-7748313F23A8}.Release|Any CPU.Build.0 = Release|Any CPU
		{1E822D01-C3A1-49F4-958A-2D8A6A4CB873}.Debug|Any CPU.ActiveCfg = Debug|Any CPU
		{1E822D01-C3A1-49F4-958A-2D8A6A4CB873}.Debug|Any CPU.Build.0 = Debug|Any CPU
		{1E822D01-C3A1-49F4-958A-2D8A6A4CB873}.Release|Any CPU.ActiveCfg = Release|Any CPU
		{1E822D01-C3A1-49F4-958A-2D8A6A4CB873}.Release|Any CPU.Build.0 = Release|Any CPU
		{C887F0C7-B5A5-4ECD-A27B-87593766EFEE}.Debug|Any CPU.ActiveCfg = Debug|Any CPU
		{C887F0C7-B5A5-4ECD-A27B-87593766EFEE}.Debug|Any CPU.Build.0 = Debug|Any CPU
		{C887F0C7-B5A5-4ECD-A27B-87593766EFEE}.Release|Any CPU.ActiveCfg = Release|Any CPU
		{C887F0C7-B5A5-4ECD-A27B-87593766EFEE}.Release|Any CPU.Build.0 = Release|Any CPU
	EndGlobalSection
	GlobalSection(SolutionProperties) = preSolution
		HideSolutionNode = FALSE
	EndGlobalSection
	GlobalSection(NestedProjects) = preSolution
		{D0A192BC-4646-44A6-9A66-7748313F23A8} = {B18E6EDD-FEA3-47DA-8796-0B9D16706A9B}
		{1E822D01-C3A1-49F4-958A-2D8A6A4CB873} = {B18E6EDD-FEA3-47DA-8796-0B9D16706A9B}
		{C887F0C7-B5A5-4ECD-A27B-87593766EFEE} = {B18E6EDD-FEA3-47DA-8796-0B9D16706A9B}
	EndGlobalSection
	GlobalSection(ExtensibilityGlobals) = postSolution
		SolutionGuid = {AAFA1E0E-2ECA-40CF-A778-46FD286EC377}
	EndGlobalSection
EndGlobal