Microsoft Visual Studio Solution File, Format Version 12.00
# Visual Studio Version 17
VisualStudioVersion = 17.14.36429.23
MinimumVisualStudioVersion = 10.0.40219.1
Project("{FAE04EC0-301F-11D3-BF4B-00C04F79EFBC}") = "Tyuiu.KuzakinSI.Sprint2.Task6.V4", "Tyuiu.KuzakinSI.Sprint2.Task6.V4\Tyuiu.KuzakinSI.Sprint2.Task6.V4.csproj", "{2B463A6E-9706-4862-A296-E7555F0560D1}"
EndProject
Project("{FAE04EC0-301F-11D3-BF4B-00C04F79EFBC}") = "Tyuiu.KuzakinSI.Sprint2.Task6.V4.Lib", "Tyuiu.KuzakinSI.Sprint2.Task6.V4.Lib\Tyuiu.KuzakinSI.Sprint2.Task6.V4.Lib.csproj", "{7EDB1001-372E-458A-BC92-1A2E1D2358C5}"
EndProject
Project("{FAE04EC0-301F-11D3-BF4B-00C04F79EFBC}") = "Tyuiu.KuzakinSI.Sprint2.Task6.V4.Test", "Tyuiu.KuzakinSI.Sprint2.Task6.V4.Test\Tyuiu.KuzakinSI.Sprint2.Task6.V4.Test.csproj", "{90E48E8C-87CA-4DAF-BEA3-42F01F0AF994}"
EndProject
Project("{2150E333-8FDC-42A3-9474-1A3956D46DE8}") = "Task6", "Task6", "{3DEC8FD5-3F54-4FA1-AFA4-CB9E3097C64D}"
EndProject
Global
	GlobalSection(SolutionConfigurationPlatforms) = preSolution
		Debug|Any CPU = Debug|Any CPU
		Release|Any CPU = Release|Any CPU
	EndGlobalSection
	GlobalSection(ProjectConfigurationPlatforms) = postSolution
		{2B463A6E-9706-4862-A296-E7555F0560D1}.Debug|Any CPU.ActiveCfg = Debug|Any CPU
		{2B463A6E-9706-4862-A296-E7555F0560D1}.Debug|Any CPU.Build.0 = Debug|Any CPU
		{2B463A6E-9706-4862-A296-E7555F0560D1}.Release|Any CPU.ActiveCfg = Release|Any CPU
		{2B463A6E-9706-4862-A296-E7555F0560D1}.Release|Any CPU.Build.0 = Release|Any CPU
		{7EDB1001-372E-458A-BC92-1A2E1D2358C5}.Debug|Any CPU.ActiveCfg = Debug|Any CPU
		{7EDB1001-372E-458A-BC92-1A2E1D2358C5}.Debug|Any CPU.Build.0 = Debug|Any CPU
		{7EDB1001-372E-458A-BC92-1A2E1D2358C5}.Release|Any CPU.ActiveCfg = Release|Any CPU
		{7EDB1001-372E-458A-BC92-1A2E1D2358C5}.Release|Any CPU.Build.0 = Release|Any CPU
		{90E48E8C-87CA-4DAF-BEA3-42F01F0AF994}.Debug|Any CPU.ActiveCfg = Debug|Any CPU
		{90E48E8C-87CA-4DAF-BEA3-42F01F0AF994}.Debug|Any CPU.Build.0 = Debug|Any CPU
		{90E48E8C-87CA-4DAF-BEA3-42F01F0AF994}.Release|Any CPU.ActiveCfg = Release|Any CPU
		{90E48E8C-87CA-4DAF-BEA3-42F01F0AF994}.Release|Any CPU.Build.0 = Release|Any CPU
	EndGlobalSection
	GlobalSection(SolutionProperties) = preSolution
		HideSolutionNode = FALSE
	EndGlobalSection
	GlobalSection(NestedProjects) = preSolution
		{2B463A6E-9706-4862-A296-E7555F0560D1} = {3DEC8FD5-3F54-4FA1-AFA4-CB9E3097C64D}
		{7EDB1001-372E-458A-BC92-1A2E1D2358C5} = {3DEC8FD5-3F54-4FA1-AFA4-CB9E3097C64D}
		{90E48E8C-87CA-4DAF-BEA3-42F01F0AF994} = {3DEC8FD5-3F54-4FA1-AFA4-CB9E3097C64D}
	EndGlobalSection
	GlobalSection(ExtensibilityGlobals) = postSolution
		SolutionGuid = {BA27F9B7-6C0E-4D61-B27D-6834325FA7FE}
	EndGlobalSection
EndGlobal